// !$*UTF8*$!
{
	archiveVersion = 1;
	classes = {
	};
	objectVersion = 50;
	objects = {

/* Begin PBXBuildFile section */
		FDF7520D2302F10800E8A6E3 /* AppDelegate.swift in Sources */ = {isa = PBXBuildFile; fileRef = FDF7520C2302F10800E8A6E3 /* AppDelegate.swift */; };
		FDF752122302F10800E8A6E3 /* Main.storyboard in Resources */ = {isa = PBXBuildFile; fileRef = FDF752102302F10800E8A6E3 /* Main.storyboard */; };
		FDF752152302F10800E8A6E3 /* ViewFinder.xcdatamodeld in Sources */ = {isa = PBXBuildFile; fileRef = FDF752132302F10800E8A6E3 /* ViewFinder.xcdatamodeld */; };
		FDF752172302F10A00E8A6E3 /* Assets.xcassets in Resources */ = {isa = PBXBuildFile; fileRef = FDF752162302F10A00E8A6E3 /* Assets.xcassets */; };
		FDF7521A2302F10A00E8A6E3 /* LaunchScreen.storyboard in Resources */ = {isa = PBXBuildFile; fileRef = FDF752182302F10A00E8A6E3 /* LaunchScreen.storyboard */; };
		FDF752252302F10A00E8A6E3 /* ViewFinderTests.swift in Sources */ = {isa = PBXBuildFile; fileRef = FDF752242302F10A00E8A6E3 /* ViewFinderTests.swift */; };
		FDF752302302F10A00E8A6E3 /* ViewFinderUITests.swift in Sources */ = {isa = PBXBuildFile; fileRef = FDF7522F2302F10A00E8A6E3 /* ViewFinderUITests.swift */; };
/* End PBXBuildFile section */

/* Begin PBXContainerItemProxy section */
		FDF752212302F10A00E8A6E3 /* PBXContainerItemProxy */ = {
			isa = PBXContainerItemProxy;
			containerPortal = FDF752012302F10800E8A6E3 /* Project object */;
			proxyType = 1;
			remoteGlobalIDString = FDF752082302F10800E8A6E3;
			remoteInfo = ViewFinder;
		};
		FDF7522C2302F10A00E8A6E3 /* PBXContainerItemProxy */ = {
			isa = PBXContainerItemProxy;
			containerPortal = FDF752012302F10800E8A6E3 /* Project object */;
			proxyType = 1;
			remoteGlobalIDString = FDF752082302F10800E8A6E3;
			remoteInfo = ViewFinder;
		};
/* End PBXContainerItemProxy section */

/* Begin PBXFileReference section */
		FDF752092302F10800E8A6E3 /* ViewFinder.app */ = {isa = PBXFileReference; explicitFileType = wrapper.application; includeInIndex = 0; path = ViewFinder.app; sourceTree = BUILT_PRODUCTS_DIR; };
		FDF7520C2302F10800E8A6E3 /* AppDelegate.swift */ = {isa = PBXFileReference; lastKnownFileType = sourcecode.swift; path = AppDelegate.swift; sourceTree = "<group>"; };
		FDF752112302F10800E8A6E3 /* Base */ = {isa = PBXFileReference; lastKnownFileType = file.storyboard; name = Base; path = Base.lproj/Main.storyboard; sourceTree = "<group>"; };
		FDF752142302F10800E8A6E3 /* ViewFinder.xcdatamodel */ = {isa = PBXFileReference; lastKnownFileType = wrapper.xcdatamodel; path = ViewFinder.xcdatamodel; sourceTree = "<group>"; };
		FDF752162302F10A00E8A6E3 /* Assets.xcassets */ = {isa = PBXFileReference; lastKnownFileType = folder.assetcatalog; path = Assets.xcassets; sourceTree = "<group>"; };
		FDF752192302F10A00E8A6E3 /* Base */ = {isa = PBXFileReference; lastKnownFileType = file.storyboard; name = Base; path = Base.lproj/LaunchScreen.storyboard; sourceTree = "<group>"; };
		FDF7521B2302F10A00E8A6E3 /* Info.plist */ = {isa = PBXFileReference; lastKnownFileType = text.plist.xml; path = Info.plist; sourceTree = "<group>"; };
		FDF752202302F10A00E8A6E3 /* ViewFinderTests.xctest */ = {isa = PBXFileReference; explicitFileType = wrapper.cfbundle; includeInIndex = 0; path = ViewFinderTests.xctest; sourceTree = BUILT_PRODUCTS_DIR; };
		FDF752242302F10A00E8A6E3 /* ViewFinderTests.swift */ = {isa = PBXFileReference; lastKnownFileType = sourcecode.swift; path = ViewFinderTests.swift; sourceTree = "<group>"; };
		FDF752262302F10A00E8A6E3 /* Info.plist */ = {isa = PBXFileReference; lastKnownFileType = text.plist.xml; path = Info.plist; sourceTree = "<group>"; };
		FDF7522B2302F10A00E8A6E3 /* ViewFinderUITests.xctest */ = {isa = PBXFileReference; explicitFileType = wrapper.cfbundle; includeInIndex = 0; path = ViewFinderUITests.xctest; sourceTree = BUILT_PRODUCTS_DIR; };
		FDF7522F2302F10A00E8A6E3 /* ViewFinderUITests.swift */ = {isa = PBXFileReference; lastKnownFileType = sourcecode.swift; path = ViewFinderUITests.swift; sourceTree = "<group>"; };
		FDF752312302F10A00E8A6E3 /* Info.plist */ = {isa = PBXFileReference; lastKnownFileType = text.plist.xml; path = Info.plist; sourceTree = "<group>"; };
/* End PBXFileReference section */

/* Begin PBXFrameworksBuildPhase section */
		FDF752062302F10800E8A6E3 /* Frameworks */ = {
			isa = PBXFrameworksBuildPhase;
			buildActionMask = 2147483647;
			files = (
			);
			runOnlyForDeploymentPostprocessing = 0;
		};
		FDF7521D2302F10A00E8A6E3 /* Frameworks */ = {
			isa = PBXFrameworksBuildPhase;
			buildActionMask = 2147483647;
			files = (
			);
			runOnlyForDeploymentPostprocessing = 0;
		};
		FDF752282302F10A00E8A6E3 /* Frameworks */ = {
			isa = PBXFrameworksBuildPhase;
			buildActionMask = 2147483647;
			files = (
			);
			runOnlyForDeploymentPostprocessing = 0;
		};
/* End PBXFrameworksBuildPhase section */

/* Begin PBXGroup section */
		FDF752002302F10800E8A6E3 = {
			isa = PBXGroup;
			children = (
				FDF7520B2302F10800E8A6E3 /* ViewFinder */,
				FDF752232302F10A00E8A6E3 /* ViewFinderTests */,
				FDF7522E2302F10A00E8A6E3 /* ViewFinderUITests */,
				FDF7520A2302F10800E8A6E3 /* Products */,
			);
			sourceTree = "<group>";
		};
		FDF7520A2302F10800E8A6E3 /* Products */ = {
			isa = PBXGroup;
			children = (
				FDF752092302F10800E8A6E3 /* ViewFinder.app */,
				FDF752202302F10A00E8A6E3 /* ViewFinderTests.xctest */,
				FDF7522B2302F10A00E8A6E3 /* ViewFinderUITests.xctest */,
			);
			name = Products;
			sourceTree = "<group>";
		};
		FDF7520B2302F10800E8A6E3 /* ViewFinder */ = {
			isa = PBXGroup;
			children = (
				FDF7520C2302F10800E8A6E3 /* AppDelegate.swift */,
				FDF752102302F10800E8A6E3 /* Main.storyboard */,
				FDF752162302F10A00E8A6E3 /* Assets.xcassets */,
				FDF752182302F10A00E8A6E3 /* LaunchScreen.storyboard */,
				FDF7521B2302F10A00E8A6E3 /* Info.plist */,
				FDF752132302F10800E8A6E3 /* ViewFinder.xcdatamodeld */,
			);
			path = ViewFinder;
			sourceTree = "<group>";
		};
		FDF752232302F10A00E8A6E3 /* ViewFinderTests */ = {
			isa = PBXGroup;
			children = (
				FDF752242302F10A00E8A6E3 /* ViewFinderTests.swift */,
				FDF752262302F10A00E8A6E3 /* Info.plist */,
			);
			path = ViewFinderTests;
			sourceTree = "<group>";
		};
		FDF7522E2302F10A00E8A6E3 /* ViewFinderUITests */ = {
			isa = PBXGroup;
			children = (
				FDF7522F2302F10A00E8A6E3 /* ViewFinderUITests.swift */,
				FDF752312302F10A00E8A6E3 /* Info.plist */,
			);
			path = ViewFinderUITests;
			sourceTree = "<group>";
		};
/* End PBXGroup section */

/* Begin PBXNativeTarget section */
		FDF752082302F10800E8A6E3 /* ViewFinder */ = {
			isa = PBXNativeTarget;
			buildConfigurationList = FDF752342302F10A00E8A6E3 /* Build configuration list for PBXNativeTarget "ViewFinder" */;
			buildPhases = (
				FDF752052302F10800E8A6E3 /* Sources */,
				FDF752062302F10800E8A6E3 /* Frameworks */,
				FDF752072302F10800E8A6E3 /* Resources */,
			);
			buildRules = (
			);
			dependencies = (
			);
			name = ViewFinder;
			productName = ViewFinder;
			productReference = FDF752092302F10800E8A6E3 /* ViewFinder.app */;
			productType = "com.apple.product-type.application";
		};
		FDF7521F2302F10A00E8A6E3 /* ViewFinderTests */ = {
			isa = PBXNativeTarget;
			buildConfigurationList = FDF752372302F10A00E8A6E3 /* Build configuration list for PBXNativeTarget "ViewFinderTests" */;
			buildPhases = (
				FDF7521C2302F10A00E8A6E3 /* Sources */,
				FDF7521D2302F10A00E8A6E3 /* Frameworks */,
				FDF7521E2302F10A00E8A6E3 /* Resources */,
			);
			buildRules = (
			);
			dependencies = (
				FDF752222302F10A00E8A6E3 /* PBXTargetDependency */,
			);
			name = ViewFinderTests;
			productName = ViewFinderTests;
			productReference = FDF752202302F10A00E8A6E3 /* ViewFinderTests.xctest */;
			productType = "com.apple.product-type.bundle.unit-test";
		};
		FDF7522A2302F10A00E8A6E3 /* ViewFinderUITests */ = {
			isa = PBXNativeTarget;
			buildConfigurationList = FDF7523A2302F10A00E8A6E3 /* Build configuration list for PBXNativeTarget "ViewFinderUITests" */;
			buildPhases = (
				FDF752272302F10A00E8A6E3 /* Sources */,
				FDF752282302F10A00E8A6E3 /* Frameworks */,
				FDF752292302F10A00E8A6E3 /* Resources */,
			);
			buildRules = (
			);
			dependencies = (
				FDF7522D2302F10A00E8A6E3 /* PBXTargetDependency */,
			);
			name = ViewFinderUITests;
			productName = ViewFinderUITests;
			productReference = FDF7522B2302F10A00E8A6E3 /* ViewFinderUITests.xctest */;
			productType = "com.apple.product-type.bundle.ui-testing";
		};
/* End PBXNativeTarget section */

/* Begin PBXProject section */
		FDF752012302F10800E8A6E3 /* Project object */ = {
			isa = PBXProject;
			attributes = {
				LastSwiftUpdateCheck = 1020;
				LastUpgradeCheck = 1020;
				ORGANIZATIONNAME = "Mary Lee";
				TargetAttributes = {
					FDF752082302F10800E8A6E3 = {
						CreatedOnToolsVersion = 10.2.1;
					};
					FDF7521F2302F10A00E8A6E3 = {
						CreatedOnToolsVersion = 10.2.1;
						TestTargetID = FDF752082302F10800E8A6E3;
					};
					FDF7522A2302F10A00E8A6E3 = {
						CreatedOnToolsVersion = 10.2.1;
						TestTargetID = FDF752082302F10800E8A6E3;
					};
				};
			};
			buildConfigurationList = FDF752042302F10800E8A6E3 /* Build configuration list for PBXProject "ViewFinder" */;
			compatibilityVersion = "Xcode 9.3";
			developmentRegion = en;
			hasScannedForEncodings = 0;
			knownRegions = (
				en,
				Base,
			);
			mainGroup = FDF752002302F10800E8A6E3;
			productRefGroup = FDF7520A2302F10800E8A6E3 /* Products */;
			projectDirPath = "";
			projectRoot = "";
			targets = (
				FDF752082302F10800E8A6E3 /* ViewFinder */,
				FDF7521F2302F10A00E8A6E3 /* ViewFinderTests */,
				FDF7522A2302F10A00E8A6E3 /* ViewFinderUITests */,
			);
		};
/* End PBXProject section */

/* Begin PBXResourcesBuildPhase section */
		FDF752072302F10800E8A6E3 /* Resources */ = {
			isa = PBXResourcesBuildPhase;
			buildActionMask = 2147483647;
			files = (
				FDF7521A2302F10A00E8A6E3 /* LaunchScreen.storyboard in Resources */,
				FDF752172302F10A00E8A6E3 /* Assets.xcassets in Resources */,
				FDF752122302F10800E8A6E3 /* Main.storyboard in Resources */,
			);
			runOnlyForDeploymentPostprocessing = 0;
		};
		FDF7521E2302F10A00E8A6E3 /* Resources */ = {
			isa = PBXResourcesBuildPhase;
			buildActionMask = 2147483647;
			files = (
			);
			runOnlyForDeploymentPostprocessing = 0;
		};
		FDF752292302F10A00E8A6E3 /* Resources */ = {
			isa = PBXResourcesBuildPhase;
			buildActionMask = 2147483647;
			files = (
			);
			runOnlyForDeploymentPostprocessing = 0;
		};
/* End PBXResourcesBuildPhase section */

/* Begin PBXSourcesBuildPhase section */
		FDF752052302F10800E8A6E3 /* Sources */ = {
			isa = PBXSourcesBuildPhase;
			buildActionMask = 2147483647;
			files = (
				FDF752152302F10800E8A6E3 /* ViewFinder.xcdatamodeld in Sources */,
				FDF7520D2302F10800E8A6E3 /* AppDelegate.swift in Sources */,
			);
			runOnlyForDeploymentPostprocessing = 0;
		};
		FDF7521C2302F10A00E8A6E3 /* Sources */ = {
			isa = PBXSourcesBuildPhase;
			buildActionMask = 2147483647;
			files = (
				FDF752252302F10A00E8A6E3 /* ViewFinderTests.swift in Sources */,
			);
			runOnlyForDeploymentPostprocessing = 0;
		};
		FDF752272302F10A00E8A6E3 /* Sources */ = {
			isa = PBXSourcesBuildPhase;
			buildActionMask = 2147483647;
			files = (
				FDF752302302F10A00E8A6E3 /* ViewFinderUITests.swift in Sources */,
			);
			runOnlyForDeploymentPostprocessing = 0;
		};
/* End PBXSourcesBuildPhase section */

/* Begin PBXTargetDependency section */
		FDF752222302F10A00E8A6E3 /* PBXTargetDependency */ = {
			isa = PBXTargetDependency;
			target = FDF752082302F10800E8A6E3 /* ViewFinder */;
			targetProxy = FDF752212302F10A00E8A6E3 /* PBXContainerItemProxy */;
		};
		FDF7522D2302F10A00E8A6E3 /* PBXTargetDependency */ = {
			isa = PBXTargetDependency;
			target = FDF752082302F10800E8A6E3 /* ViewFinder */;
			targetProxy = FDF7522C2302F10A00E8A6E3 /* PBXContainerItemProxy */;
		};
/* End PBXTargetDependency section */

/* Begin PBXVariantGroup section */
		FDF752102302F10800E8A6E3 /* Main.storyboard */ = {
			isa = PBXVariantGroup;
			children = (
				FDF752112302F10800E8A6E3 /* Base */,
			);
			name = Main.storyboard;
			sourceTree = "<group>";
		};
		FDF752182302F10A00E8A6E3 /* LaunchScreen.storyboard */ = {
			isa = PBXVariantGroup;
			children = (
				FDF752192302F10A00E8A6E3 /* Base */,
			);
			name = LaunchScreen.storyboard;
			sourceTree = "<group>";
		};
/* End PBXVariantGroup section */

/* Begin XCBuildConfiguration section */
		FDF752322302F10A00E8A6E3 /* Debug */ = {
			isa = XCBuildConfiguration;
			buildSettings = {
				ALWAYS_SEARCH_USER_PATHS = NO;
				CLANG_ANALYZER_NONNULL = YES;
				CLANG_ANALYZER_NUMBER_OBJECT_CONVERSION = YES_AGGRESSIVE;
				CLANG_CXX_LANGUAGE_STANDARD = "gnu++14";
				CLANG_CXX_LIBRARY = "libc++";
				CLANG_ENABLE_MODULES = YES;
				CLANG_ENABLE_OBJC_ARC = YES;
				CLANG_ENABLE_OBJC_WEAK = YES;
				CLANG_WARN_BLOCK_CAPTURE_AUTORELEASING = YES;
				CLANG_WARN_BOOL_CONVERSION = YES;
				CLANG_WARN_COMMA = YES;
				CLANG_WARN_CONSTANT_CONVERSION = YES;
				CLANG_WARN_DEPRECATED_OBJC_IMPLEMENTATIONS = YES;
				CLANG_WARN_DIRECT_OBJC_ISA_USAGE = YES_ERROR;
				CLANG_WARN_DOCUMENTATION_COMMENTS = YES;
				CLANG_WARN_EMPTY_BODY = YES;
				CLANG_WARN_ENUM_CONVERSION = YES;
				CLANG_WARN_INFINITE_RECURSION = YES;
				CLANG_WARN_INT_CONVERSION = YES;
				CLANG_WARN_NON_LITERAL_NULL_CONVERSION = YES;
				CLANG_WARN_OBJC_IMPLICIT_RETAIN_SELF = YES;
				CLANG_WARN_OBJC_LITERAL_CONVERSION = YES;
				CLANG_WARN_OBJC_ROOT_CLASS = YES_ERROR;
				CLANG_WARN_RANGE_LOOP_ANALYSIS = YES;
				CLANG_WARN_STRICT_PROTOTYPES = YES;
				CLANG_WARN_SUSPICIOUS_MOVE = YES;
				CLANG_WARN_UNGUARDED_AVAILABILITY = YES_AGGRESSIVE;
				CLANG_WARN_UNREACHABLE_CODE = YES;
				CLANG_WARN__DUPLICATE_METHOD_MATCH = YES;
				CODE_SIGN_IDENTITY = "iPhone Developer";
				COPY_PHASE_STRIP = NO;
				DEBUG_INFORMATION_FORMAT = dwarf;
				ENABLE_STRICT_OBJC_MSGSEND = YES;
				ENABLE_TESTABILITY = YES;
				GCC_C_LANGUAGE_STANDARD = gnu11;
				GCC_DYNAMIC_NO_PIC = NO;
				GCC_NO_COMMON_BLOCKS = YES;
				GCC_OPTIMIZATION_LEVEL = 0;
				GCC_PREPROCESSOR_DEFINITIONS = (
					"DEBUG=1",
					"$(inherited)",
				);
				GCC_WARN_64_TO_32_BIT_CONVERSION = YES;
				GCC_WARN_ABOUT_RETURN_TYPE = YES_ERROR;
				GCC_WARN_UNDECLARED_SELECTOR = YES;
				GCC_WARN_UNINITIALIZED_AUTOS = YES_AGGRESSIVE;
				GCC_WARN_UNUSED_FUNCTION = YES;
				GCC_WARN_UNUSED_VARIABLE = YES;
				IPHONEOS_DEPLOYMENT_TARGET = 12.2;
				MTL_ENABLE_DEBUG_INFO = INCLUDE_SOURCE;
				MTL_FAST_MATH = YES;
				ONLY_ACTIVE_ARCH = YES;
				SDKROOT = iphoneos;
				SWIFT_ACTIVE_COMPILATION_CONDITIONS = DEBUG;
				SWIFT_OPTIMIZATION_LEVEL = "-Onone";
			};
			name = Debug;
		};
		FDF752332302F10A00E8A6E3 /* Release */ = {
			isa = XCBuildConfiguration;
			buildSettings = {
				ALWAYS_SEARCH_USER_PATHS = NO;
				CLANG_ANALYZER_NONNULL = YES;
				CLANG_ANALYZER_NUMBER_OBJECT_CONVERSION = YES_AGGRESSIVE;
				CLANG_CXX_LANGUAGE_STANDARD = "gnu++14";
				CLANG_CXX_LIBRARY = "libc++";
				CLANG_ENABLE_MODULES = YES;
				CLANG_ENABLE_OBJC_ARC = YES;
				CLANG_ENABLE_OBJC_WEAK = YES;
				CLANG_WARN_BLOCK_CAPTURE_AUTORELEASING = YES;
				CLANG_WARN_BOOL_CONVERSION = YES;
				CLANG_WARN_COMMA = YES;
				CLANG_WARN_CONSTANT_CONVERSION = YES;
				CLANG_WARN_DEPRECATED_OBJC_IMPLEMENTATIONS = YES;
				CLANG_WARN_DIRECT_OBJC_ISA_USAGE = YES_ERROR;
				CLANG_WARN_DOCUMENTATION_COMMENTS = YES;
				CLANG_WARN_EMPTY_BODY = YES;
				CLANG_WARN_ENUM_CONVERSION = YES;
				CLANG_WARN_INFINITE_RECURSION = YES;
				CLANG_WARN_INT_CONVERSION = YES;
				CLANG_WARN_NON_LITERAL_NULL_CONVERSION = YES;
				CLANG_WARN_OBJC_IMPLICIT_RETAIN_SELF = YES;
				CLANG_WARN_OBJC_LITERAL_CONVERSION = YES;
				CLANG_WARN_OBJC_ROOT_CLASS = YES_ERROR;
				CLANG_WARN_RANGE_LOOP_ANALYSIS = YES;
				CLANG_WARN_STRICT_PROTOTYPES = YES;
				CLANG_WARN_SUSPICIOUS_MOVE = YES;
				CLANG_WARN_UNGUARDED_AVAILABILITY = YES_AGGRESSIVE;
				CLANG_WARN_UNREACHABLE_CODE = YES;
				CLANG_WARN__DUPLICATE_METHOD_MATCH = YES;
				CODE_SIGN_IDENTITY = "iPhone Developer";
				COPY_PHASE_STRIP = NO;
				DEBUG_INFORMATION_FORMAT = "dwarf-with-dsym";
				ENABLE_NS_ASSERTIONS = NO;
				ENABLE_STRICT_OBJC_MSGSEND = YES;
				GCC_C_LANGUAGE_STANDARD = gnu11;
				GCC_NO_COMMON_BLOCKS = YES;
				GCC_WARN_64_TO_32_BIT_CONVERSION = YES;
				GCC_WARN_ABOUT_RETURN_TYPE = YES_ERROR;
				GCC_WARN_UNDECLARED_SELECTOR = YES;
				GCC_WARN_UNINITIALIZED_AUTOS = YES_AGGRESSIVE;
				GCC_WARN_UNUSED_FUNCTION = YES;
				GCC_WARN_UNUSED_VARIABLE = YES;
				IPHONEOS_DEPLOYMENT_TARGET = 12.2;
				MTL_ENABLE_DEBUG_INFO = NO;
				MTL_FAST_MATH = YES;
				SDKROOT = iphoneos;
				SWIFT_COMPILATION_MODE = wholemodule;
				SWIFT_OPTIMIZATION_LEVEL = "-O";
				VALIDATE_PRODUCT = YES;
			};
			name = Release;
		};
		FDF752352302F10A00E8A6E3 /* Debug */ = {
			isa = XCBuildConfiguration;
			buildSettings = {
				ASSETCATALOG_COMPILER_APPICON_NAME = AppIcon;
				CODE_SIGN_STYLE = Automatic;
				INFOPLIST_FILE = ViewFinder/Info.plist;
				LD_RUNPATH_SEARCH_PATHS = (
					"$(inherited)",
					"@executable_path/Frameworks",
				);
				PRODUCT_BUNDLE_IDENTIFIER = "KWK-NYC.ViewFinder";
				PRODUCT_NAME = "$(TARGET_NAME)";
				SWIFT_VERSION = 5.0;
				TARGETED_DEVICE_FAMILY = "1,2";
			};
			name = Debug;
		};
		FDF752362302F10A00E8A6E3 /* Release */ = {
			isa = XCBuildConfiguration;
			buildSettings = {
				ASSETCATALOG_COMPILER_APPICON_NAME = AppIcon;
				CODE_SIGN_STYLE = Automatic;
				INFOPLIST_FILE = ViewFinder/Info.plist;
				LD_RUNPATH_SEARCH_PATHS = (
					"$(inherited)",
					"@executable_path/Frameworks",
				);
				PRODUCT_BUNDLE_IDENTIFIER = "KWK-NYC.ViewFinder";
				PRODUCT_NAME = "$(TARGET_NAME)";
				SWIFT_VERSION = 5.0;
				TARGETED_DEVICE_FAMILY = "1,2";
			};
			name = Release;
		};
		FDF752382302F10A00E8A6E3 /* Debug */ = {
			isa = XCBuildConfiguration;
			buildSettings = {
				ALWAYS_EMBED_SWIFT_STANDARD_LIBRARIES = YES;
				BUNDLE_LOADER = "$(TEST_HOST)";
				CODE_SIGN_STYLE = Automatic;
				INFOPLIST_FILE = ViewFinderTests/Info.plist;
				LD_RUNPATH_SEARCH_PATHS = (
					"$(inherited)",
					"@executable_path/Frameworks",
					"@loader_path/Frameworks",
				);
				PRODUCT_BUNDLE_IDENTIFIER = "KWK-NYC.ViewFinderTests";
				PRODUCT_NAME = "$(TARGET_NAME)";
				SWIFT_VERSION = 5.0;
				TARGETED_DEVICE_FAMILY = "1,2";
				TEST_HOST = "$(BUILT_PRODUCTS_DIR)/ViewFinder.app/ViewFinder";
			};
			name = Debug;
		};
		FDF752392302F10A00E8A6E3 /* Release */ = {
			isa = XCBuildConfiguration;
			buildSettings = {
				ALWAYS_EMBED_SWIFT_STANDARD_LIBRARIES = YES;
				BUNDLE_LOADER = "$(TEST_HOST)";
				CODE_SIGN_STYLE = Automatic;
				INFOPLIST_FILE = ViewFinderTests/Info.plist;
				LD_RUNPATH_SEARCH_PATHS = (
					"$(inherited)",
					"@executable_path/Frameworks",
					"@loader_path/Frameworks",
				);
				PRODUCT_BUNDLE_IDENTIFIER = "KWK-NYC.ViewFinderTests";
				PRODUCT_NAME = "$(TARGET_NAME)";
				SWIFT_VERSION = 5.0;
				TARGETED_DEVICE_FAMILY = "1,2";
				TEST_HOST = "$(BUILT_PRODUCTS_DIR)/ViewFinder.app/ViewFinder";
			};
			name = Release;
		};
		FDF7523B2302F10A00E8A6E3 /* Debug */ = {
			isa = XCBuildConfiguration;
			buildSettings = {
				ALWAYS_EMBED_SWIFT_STANDARD_LIBRARIES = YES;
				CODE_SIGN_STYLE = Automatic;
				INFOPLIST_FILE = ViewFinderUITests/Info.plist;
				LD_RUNPATH_SEARCH_PATHS = (
					"$(inherited)",
					"@executable_path/Frameworks",
					"@loader_path/Frameworks",
				);
				PRODUCT_BUNDLE_IDENTIFIER = "KWK-NYC.ViewFinderUITests";
				PRODUCT_NAME = "$(TARGET_NAME)";
				SWIFT_VERSION = 5.0;
				TARGETED_DEVICE_FAMILY = "1,2";
				TEST_TARGET_NAME = ViewFinder;
			};
			name = Debug;
		};
		FDF7523C2302F10A00E8A6E3 /* Release */ = {
			isa = XCBuildConfiguration;
			buildSettings = {
				ALWAYS_EMBED_SWIFT_STANDARD_LIBRARIES = YES;
				CODE_SIGN_STYLE = Automatic;
				INFOPLIST_FILE = ViewFinderUITests/Info.plist;
				LD_RUNPATH_SEARCH_PATHS = (
					"$(inherited)",
					"@executable_path/Frameworks",
					"@loader_path/Frameworks",
				);
				PRODUCT_BUNDLE_IDENTIFIER = "KWK-NYC.ViewFinderUITests";
				PRODUCT_NAME = "$(TARGET_NAME)";
				SWIFT_VERSION = 5.0;
				TARGETED_DEVICE_FAMILY = "1,2";
				TEST_TARGET_NAME = ViewFinder;
			};
			name = Release;
		};
/* End XCBuildConfiguration section */

/* Begin XCConfigurationList section */
		FDF752042302F10800E8A6E3 /* Build configuration list for PBXProject "ViewFinder" */ = {
			isa = XCConfigurationList;
			buildConfigurations = (
				FDF752322302F10A00E8A6E3 /* Debug */,
				FDF752332302F10A00E8A6E3 /* Release */,
			);
			defaultConfigurationIsVisible = 0;
			defaultConfigurationName = Release;
		};
		FDF752342302F10A00E8A6E3 /* Build configuration list for PBXNativeTarget "ViewFinder" */ = {
			isa = XCConfigurationList;
			buildConfigurations = (
				FDF752352302F10A00E8A6E3 /* Debug */,
				FDF752362302F10A00E8A6E3 /* Release */,
			);
			defaultConfigurationIsVisible = 0;
			defaultConfigurationName = Release;
		};
		FDF752372302F10A00E8A6E3 /* Build configuration list for PBXNativeTarget "ViewFinderTests" */ = {
			isa = XCConfigurationList;
			buildConfigurations = (
				FDF752382302F10A00E8A6E3 /* Debug */,
				FDF752392302F10A00E8A6E3 /* Release */,
			);
			defaultConfigurationIsVisible = 0;
			defaultConfigurationName = Release;
		};
		FDF7523A2302F10A00E8A6E3 /* Build configuration list for PBXNativeTarget "ViewFinderUITests" */ = {
			isa = XCConfigurationList;
			buildConfigurations = (
				FDF7523B2302F10A00E8A6E3 /* Debug */,
				FDF7523C2302F10A00E8A6E3 /* Release */,
			);
			defaultConfigurationIsVisible = 0;
			defaultConfigurationName = Release;
		};
/* End XCConfigurationList section */

/* Begin XCVersionGroup section */
		FDF752132302F10800E8A6E3 /* ViewFinder.xcdatamodeld */ = {
			isa = XCVersionGroup;
			children = (
				FDF752142302F10800E8A6E3 /* ViewFinder.xcdatamodel */,
			);
			currentVersion = FDF752142302F10800E8A6E3 /* ViewFinder.xcdatamodel */;
			path = ViewFinder.xcdatamodeld;
			sourceTree = "<group>";
			versionGroupType = wrapper.xcdatamodel;
		};
/* End XCVersionGroup section */
	};
	rootObject = FDF752012302F10800E8A6E3 /* Project object */;
}
